
Microsoft Visual Studio Solution File, Format Version 12.00
# Visual Studio 15
VisualStudioVersion = 15.0.28010.2003
MinimumVisualStudioVersion = 10.0.40219.1
Project("{FAE04EC0-301F-11D3-BF4B-00C04F79EFBC}") = "MultiThreadingExample", "MultiThreadingExample\MultiThreadingExample.csproj", "{8CD9FB5C-3BAF-4CC0-8652-32880C1AE594}"
EndProject
Global
	GlobalSection(SolutionConfigurationPlatforms) = preSolution
		Debug|Any CPU = Debug|Any CPU
		Release|Any CPU = Release|Any CPU
	EndGlobalSection
	GlobalSection(ProjectConfigurationPlatforms) = postSolution
		{8CD9FB5C-3BAF-4CC0-8652-32880C1AE594}.Debug|Any CPU.ActiveCfg = Debug|Any CPU
		{8CD9FB5C-3BAF-4CC0-8652-32880C1AE594}.Debug|Any CPU.Build.0 = Debug|Any CPU
		{8CD9FB5C-3BAF-4CC0-8652-32880C1AE594}.Release|Any CPU.ActiveCfg = Release|Any CPU
		{8CD9FB5C-3BAF-4CC0-8652-32880C1AE594}.Release|Any CPU.Build.0 = Release|Any CPU
	EndGlobalSection
	GlobalSection(SolutionProperties) = preSolution
		HideSolutionNode = FALSE
	EndGlobalSection
	GlobalSection(ExtensibilityGlobals) = postSolution
		SolutionGuid = {C9E2EFF1-1279-4221-AC93-D60D4E3898B3}
	EndGlobalSection
EndGlobal
